{
  "name": "three-turbinemonitor",
  "version": "0.0.0",
  "lockfileVersion": 1,
  "requires": true,
  "dependencies": {
    "@babel/parser": {
      "version": "7.17.9",
      "resolved": "https://registry.npmmirror.com/@babel/parser/-/parser-7.17.9.tgz",
      "integrity": "sha512-vqUSBLP8dQHFPdPi9bc5GK9vRkYHJ49fsZdtoJ8EQ8ibpwk5rPKfvNIwChB0KVXcIjcepEBBd2VHC5r9Gy8ueg=="
    },
    "@tweenjs/tween.js": {
      "version": "18.6.4",
      "resolved": "https://registry.npmmirror.com/@tweenjs/tween.js/-/tween.js-18.6.4.tgz",
      "integrity": "sha512-lB9lMjuqjtuJrx7/kOkqQBtllspPIN+96OvTCeJ2j5FEzinoAXTdAMFnDAQT1KVPRlnYfBrqxtqP66vDM40xxQ=="
    },
    "@types/lodash": {
      "version": "4.14.182",
      "resolved": "https://registry.npmmirror.com/@types/lodash/-/lodash-4.14.182.tgz",
      "integrity": "sha512-/THyiqyQAP9AfARo4pF+aCGcyiQ94tX/Is2I7HofNRqoYLgN1PBoOWu2/zTA5zMxzP5EFutMtWtGAFRKUe961Q==",
      "dev": true
    },
    "@types/lodash-es": {
      "version": "4.17.6",
      "resolved": "https://registry.npmmirror.com/@types/lodash-es/-/lodash-es-4.17.6.tgz",
      "integrity": "sha512-R+zTeVUKDdfoRxpAryaQNRKk3105Rrgx2CFRClIgRGaqDTdjsm8h6IYA8ir584W3ePzkZfst5xIgDwYrlh9HLg==",
      "dev": true,
      "requires": {
        "@types/lodash": "*"
      }
    },
    "@types/node": {
      "version": "17.0.27",
      "resolved": "https://registry.npmmirror.com/@types/node/-/node-17.0.27.tgz",
      "integrity": "sha512-4/Ke7bbWOasuT3kceBZFGakP1dYN2XFd8v2l9bqF2LNWrmeU07JLpp56aEeG6+Q3olqO5TvXpW0yaiYnZJ5CXg==",
      "dev": true
    },
    "@types/three": {
      "version": "0.139.0",
      "resolved": "https://registry.npmmirror.com/@types/three/-/three-0.139.0.tgz",
      "integrity": "sha512-4V/jZhyq7Mv05coUzxL3bz8AuBOSi/1F0RY7ujisHTV0Amy/fnYJ+s7TSJ1/hXjZukSkpuFRgV+wvWUEMbsMbQ==",
      "dev": true
    },
    "@vitejs/plugin-vue": {
      "version": "2.3.1",
      "resolved": "https://registry.npmmirror.com/@vitejs/plugin-vue/-/plugin-vue-2.3.1.tgz",
      "integrity": "sha512-YNzBt8+jt6bSwpt7LP890U1UcTOIZZxfpE5WOJ638PNxSEKOqAi0+FSKS0nVeukfdZ0Ai/H7AFd6k3hayfGZqQ==",
      "dev": true
    },
    "@volar/code-gen": {
      "version": "0.34.10",
      "resolved": "https://registry.npmmirror.com/@volar/code-gen/-/code-gen-0.34.10.tgz",
      "integrity": "sha512-Pygl26uA4CuQcDgNndeTSNOYF+NbShcV+rwWRy/nRNv1JB++1EbaQ60/ti8c5zTRoL4a8OtipKMq9Sw8LzpRIw==",
      "dev": true,
      "requires": {
        "@volar/source-map": "0.34.10"
      }
    },
    "@volar/source-map": {
      "version": "0.34.10",
      "resolved": "https://registry.npmmirror.com/@volar/source-map/-/source-map-0.34.10.tgz",
      "integrity": "sha512-DBSUGNJB2B08U6Ut14ZJSEOcBS7eV/aiinhoLbMrEe/HJtZRcnPuyE8f0c2BvmRM2LK8WQx77V54/lw/Ra8WDA==",
      "dev": true
    },
    "@volar/vue-code-gen": {
      "version": "0.34.10",
      "resolved": "https://registry.npmmirror.com/@volar/vue-code-gen/-/vue-code-gen-0.34.10.tgz",
      "integrity": "sha512-oK5gat5AHllSMJzY+UMbttJvAjoUGzicXxLHoIwb6DTHpfcf2pADYUndiw5kSYHo+2Xd/+U1c9D8FUOJ+JHAFw==",
      "dev": true,
      "requires": {
        "@volar/code-gen": "0.34.10",
        "@volar/source-map": "0.34.10",
        "@vue/compiler-core": "^3.2.31",
        "@vue/compiler-dom": "^3.2.31",
        "@vue/shared": "^3.2.31"
      }
    },
    "@volar/vue-typescript": {
      "version": "0.34.10",
      "resolved": "https://registry.npmmirror.com/@volar/vue-typescript/-/vue-typescript-0.34.10.tgz",
      "integrity": "sha512-FCGSqLC+T/AcBUFXoFniPKLa/fLslBuHsepUmId8dG5ROXZhQaJ5h4fkA87247SWb7z4o9mI6v86xevXEjRVKw==",
      "dev": true,
      "requires": {
        "@volar/code-gen": "0.34.10",
        "@volar/source-map": "0.34.10",
        "@volar/vue-code-gen": "0.34.10",
        "@vue/compiler-sfc": "^3.2.31",
        "@vue/reactivity": "^3.2.31"
      }
    },
    "@vue/compiler-core": {
      "version": "3.2.33",
      "resolved": "https://registry.npmmirror.com/@vue/compiler-core/-/compiler-core-3.2.33.tgz",
      "integrity": "sha512-AAmr52ji3Zhk7IKIuigX2osWWsb2nQE5xsdFYjdnmtQ4gymmqXbjLvkSE174+fF3A3kstYrTgGkqgOEbsdLDpw==",
      "requires": {
        "@babel/parser": "^7.16.4",
        "@vue/shared": "3.2.33",
        "estree-walker": "^2.0.2",
        "source-map": "^0.6.1"
      }
    },
    "@vue/compiler-dom": {
      "version": "3.2.33",
      "resolved": "https://registry.npmmirror.com/@vue/compiler-dom/-/compiler-dom-3.2.33.tgz",
      "integrity": "sha512-GhiG1C8X98Xz9QUX/RlA6/kgPBWJkjq0Rq6//5XTAGSYrTMBgcLpP9+CnlUg1TFxnnCVughAG+KZl28XJqw8uQ==",
      "requires": {
        "@vue/compiler-core": "3.2.33",
        "@vue/shared": "3.2.33"
      }
    },
    "@vue/compiler-sfc": {
      "version": "3.2.33",
      "resolved": "https://registry.npmmirror.com/@vue/compiler-sfc/-/compiler-sfc-3.2.33.tgz",
      "integrity": "sha512-H8D0WqagCr295pQjUYyO8P3IejM3vEzeCO1apzByAEaAR/WimhMYczHfZVvlCE/9yBaEu/eu9RdiWr0kF8b71Q==",
      "requires": {
        "@babel/parser": "^7.16.4",
        "@vue/compiler-core": "3.2.33",
        "@vue/compiler-dom": "3.2.33",
        "@vue/compiler-ssr": "3.2.33",
        "@vue/reactivity-transform": "3.2.33",
        "@vue/shared": "3.2.33",
        "estree-walker": "^2.0.2",
        "magic-string": "^0.25.7",
        "postcss": "^8.1.10",
        "source-map": "^0.6.1"
      }
    },
    "@vue/compiler-ssr": {
      "version": "3.2.33",
      "resolved": "https://registry.npmmirror.com/@vue/compiler-ssr/-/compiler-ssr-3.2.33.tgz",
      "integrity": "sha512-XQh1Xdk3VquDpXsnoCd7JnMoWec9CfAzQDQsaMcSU79OrrO2PNR0ErlIjm/mGq3GmBfkQjzZACV+7GhfRB8xMQ==",
      "requires": {
        "@vue/compiler-dom": "3.2.33",
        "@vue/shared": "3.2.33"
      }
    },
    "@vue/reactivity": {
      "version": "3.2.33",
      "resolved": "https://registry.npmmirror.com/@vue/reactivity/-/reactivity-3.2.33.tgz",
      "integrity": "sha512-62Sq0mp9/0bLmDuxuLD5CIaMG2susFAGARLuZ/5jkU1FCf9EDbwUuF+BO8Ub3Rbodx0ziIecM/NsmyjardBxfQ==",
      "requires": {
        "@vue/shared": "3.2.33"
      }
    },
    "@vue/reactivity-transform": {
      "version": "3.2.33",
      "resolved": "https://registry.npmmirror.com/@vue/reactivity-transform/-/reactivity-transform-3.2.33.tgz",
      "integrity": "sha512-4UL5KOIvSQb254aqenW4q34qMXbfZcmEsV/yVidLUgvwYQQ/D21bGX3DlgPUGI3c4C+iOnNmDCkIxkILoX/Pyw==",
      "requires": {
        "@babel/parser": "^7.16.4",
        "@vue/compiler-core": "3.2.33",
        "@vue/shared": "3.2.33",
        "estree-walker": "^2.0.2",
        "magic-string": "^0.25.7"
      }
    },
    "@vue/runtime-core": {
      "version": "3.2.33",
      "resolved": "https://registry.npmmirror.com/@vue/runtime-core/-/runtime-core-3.2.33.tgz",
      "integrity": "sha512-N2D2vfaXsBPhzCV3JsXQa2NECjxP3eXgZlFqKh4tgakp3iX6LCGv76DLlc+IfFZq+TW10Y8QUfeihXOupJ1dGw==",
      "requires": {
        "@vue/reactivity": "3.2.33",
        "@vue/shared": "3.2.33"
      }
    },
    "@vue/runtime-dom": {
      "version": "3.2.33",
      "resolved": "https://registry.npmmirror.com/@vue/runtime-dom/-/runtime-dom-3.2.33.tgz",
      "integrity": "sha512-LSrJ6W7CZTSUygX5s8aFkraDWlO6K4geOwA3quFF2O+hC3QuAMZt/0Xb7JKE3C4JD4pFwCSO7oCrZmZ0BIJUnw==",
      "requires": {
        "@vue/runtime-core": "3.2.33",
        "@vue/shared": "3.2.33",
        "csstype": "^2.6.8"
      }
    },
    "@vue/server-renderer": {
      "version": "3.2.33",
      "resolved": "https://registry.npmmirror.com/@vue/server-renderer/-/server-renderer-3.2.33.tgz",
      "integrity": "sha512-4jpJHRD4ORv8PlbYi+/MfP8ec1okz6rybe36MdpkDrGIdEItHEUyaHSKvz+ptNEyQpALmmVfRteHkU9F8vxOew==",
      "requires": {
        "@vue/compiler-ssr": "3.2.33",
        "@vue/shared": "3.2.33"
      }
    },
    "@vue/shared": {
      "version": "3.2.33",
      "resolved": "https://registry.npmmirror.com/@vue/shared/-/shared-3.2.33.tgz",
      "integrity": "sha512-UBc1Pg1T3yZ97vsA2ueER0F6GbJebLHYlEi4ou1H5YL4KWvMOOWwpYo9/QpWq93wxKG6Wo13IY74Hcn/f7c7Bg=="
    },
    "anymatch": {
      "version": "3.1.2",
      "resolved": "https://registry.npmmirror.com/anymatch/-/anymatch-3.1.2.tgz",
      "integrity": "sha512-P43ePfOAIupkguHUycrc4qJ9kz8ZiuOUijaETwX7THt0Y/GNK7v0aa8rY816xWjZ7rJdA5XdMcpVFTKMq+RvWg==",
      "requires": {
        "normalize-path": "^3.0.0",
        "picomatch": "^2.0.4"
      }
    },
    "binary-extensions": {
      "version": "2.2.0",
      "resolved": "https://registry.npmmirror.com/binary-extensions/-/binary-extensions-2.2.0.tgz",
      "integrity": "sha512-jDctJ/IVQbZoJykoeHbhXpOlNBqGNcwXJKJog42E5HDPUwQTSdjCHdihjj0DlnheQ7blbT6dHOafNAiS8ooQKA=="
    },
    "braces": {
      "version": "3.0.2",
      "resolved": "https://registry.npmmirror.com/braces/-/braces-3.0.2.tgz",
      "integrity": "sha512-b8um+L1RzM3WDSzvhm6gIz1yfTbBt6YTlcEKAvsmqCZZFw46z626lVj9j1yEPW33H5H+lBQpZMP1k8l+78Ha0A==",
      "requires": {
        "fill-range": "^7.0.1"
      }
    },
    "chokidar": {
      "version": "3.5.3",
      "resolved": "https://registry.npmmirror.com/chokidar/-/chokidar-3.5.3.tgz",
      "integrity": "sha512-Dr3sfKRP6oTcjf2JmUmFJfeVMvXBdegxB0iVQ5eb2V10uFJUCAS8OByZdVAyVb8xXNz3GjjTgj9kLWsZTqE6kw==",
      "requires": {
        "anymatch": "~3.1.2",
        "braces": "~3.0.2",
        "fsevents": "~2.3.2",
        "glob-parent": "~5.1.2",
        "is-binary-path": "~2.1.0",
        "is-glob": "~4.0.1",
        "normalize-path": "~3.0.0",
        "readdirp": "~3.6.0"
      }
    },
    "csstype": {
      "version": "2.6.20",
      "resolved": "https://registry.npmmirror.com/csstype/-/csstype-2.6.20.tgz",
      "integrity": "sha512-/WwNkdXfckNgw6S5R125rrW8ez139lBHWouiBvX8dfMFtcn6V81REDqnH7+CRpRipfYlyU1CmOnOxrmGcFOjeA=="
    },
    "echarts": {
      "version": "5.3.2",
      "resolved": "https://registry.npmmirror.com/echarts/-/echarts-5.3.2.tgz",
      "integrity": "sha512-LWCt7ohOKdJqyiBJ0OGBmE9szLdfA9sGcsMEi+GGoc6+Xo75C+BkcT/6NNGRHAWtnQl2fNow05AQjznpap28TQ==",
      "requires": {
        "tslib": "2.3.0",
        "zrender": "5.3.1"
      }
    },
    "esbuild": {
      "version": "0.14.38",
      "resolved": "https://registry.npmmirror.com/esbuild/-/esbuild-0.14.38.tgz",
      "integrity": "sha512-12fzJ0fsm7gVZX1YQ1InkOE5f9Tl7cgf6JPYXRJtPIoE0zkWAbHdPHVPPaLi9tYAcEBqheGzqLn/3RdTOyBfcA==",
      "dev": true,
      "requires": {
        "esbuild-android-64": "0.14.38",
        "esbuild-android-arm64": "0.14.38",
        "esbuild-darwin-64": "0.14.38",
        "esbuild-darwin-arm64": "0.14.38",
        "esbuild-freebsd-64": "0.14.38",
        "esbuild-freebsd-arm64": "0.14.38",
        "esbuild-linux-32": "0.14.38",
        "esbuild-linux-64": "0.14.38",
        "esbuild-linux-arm": "0.14.38",
        "esbuild-linux-arm64": "0.14.38",
        "esbuild-linux-mips64le": "0.14.38",
        "esbuild-linux-ppc64le": "0.14.38",
        "esbuild-linux-riscv64": "0.14.38",
        "esbuild-linux-s390x": "0.14.38",
        "esbuild-netbsd-64": "0.14.38",
        "esbuild-openbsd-64": "0.14.38",
        "esbuild-sunos-64": "0.14.38",
        "esbuild-windows-32": "0.14.38",
        "esbuild-windows-64": "0.14.38",
        "esbuild-windows-arm64": "0.14.38"
      }
    },
    "esbuild-android-64": {
      "version": "0.14.38",
      "resolved": "https://registry.npmmirror.com/esbuild-android-64/-/esbuild-android-64-0.14.38.tgz",
      "integrity": "sha512-aRFxR3scRKkbmNuGAK+Gee3+yFxkTJO/cx83Dkyzo4CnQl/2zVSurtG6+G86EQIZ+w+VYngVyK7P3HyTBKu3nw==",
      "dev": true,
      "optional": true
    },
    "esbuild-android-arm64": {
      "version": "0.14.38",
      "resolved": "https://registry.npmmirror.com/esbuild-android-arm64/-/esbuild-android-arm64-0.14.38.tgz",
      "integrity": "sha512-L2NgQRWuHFI89IIZIlpAcINy9FvBk6xFVZ7xGdOwIm8VyhX1vNCEqUJO3DPSSy945Gzdg98cxtNt8Grv1CsyhA==",
      "dev": true,
      "optional": true
    },
    "esbuild-darwin-64": {
      "version": "0.14.38",
      "resolved": "https://registry.npmmirror.com/esbuild-darwin-64/-/esbuild-darwin-64-0.14.38.tgz",
      "integrity": "sha512-5JJvgXkX87Pd1Og0u/NJuO7TSqAikAcQQ74gyJ87bqWRVeouky84ICoV4sN6VV53aTW+NE87qLdGY4QA2S7KNA==",
      "dev": true,
      "optional": true
    },
    "esbuild-darwin-arm64": {
      "version": "0.14.38",
      "resolved": "https://registry.npmmirror.com/esbuild-darwin-arm64/-/esbuild-darwin-arm64-0.14.38.tgz",
      "integrity": "sha512-eqF+OejMI3mC5Dlo9Kdq/Ilbki9sQBw3QlHW3wjLmsLh+quNfHmGMp3Ly1eWm981iGBMdbtSS9+LRvR2T8B3eQ==",
      "dev": true,
      "optional": true
    },
    "esbuild-freebsd-64": {
      "version": "0.14.38",
      "resolved": "https://registry.npmmirror.com/esbuild-freebsd-64/-/esbuild-freebsd-64-0.14.38.tgz",
      "integrity": "sha512-epnPbhZUt93xV5cgeY36ZxPXDsQeO55DppzsIgWM8vgiG/Rz+qYDLmh5ts3e+Ln1wA9dQ+nZmVHw+RjaW3I5Ig==",
      "dev": true,
      "optional": true
    },
    "esbuild-freebsd-arm64": {
      "version": "0.14.38",
      "resolved": "https://registry.npmmirror.com/esbuild-freebsd-arm64/-/esbuild-freebsd-arm64-0.14.38.tgz",
      "integrity": "sha512-/9icXUYJWherhk+y5fjPI5yNUdFPtXHQlwP7/K/zg8t8lQdHVj20SqU9/udQmeUo5pDFHMYzcEFfJqgOVeKNNQ==",
      "dev": true,
      "optional": true
    },
    "esbuild-linux-32": {
      "version": "0.14.38",
      "resolved": "https://registry.npmmirror.com/esbuild-linux-32/-/esbuild-linux-32-0.14.38.tgz",
      "integrity": "sha512-QfgfeNHRFvr2XeHFzP8kOZVnal3QvST3A0cgq32ZrHjSMFTdgXhMhmWdKzRXP/PKcfv3e2OW9tT9PpcjNvaq6g==",
      "dev": true,
      "optional": true
    },
    "esbuild-linux-64": {
      "version": "0.14.38",
      "resolved": "https://registry.npmmirror.com/esbuild-linux-64/-/esbuild-linux-64-0.14.38.tgz",
      "integrity": "sha512-uuZHNmqcs+Bj1qiW9k/HZU3FtIHmYiuxZ/6Aa+/KHb/pFKr7R3aVqvxlAudYI9Fw3St0VCPfv7QBpUITSmBR1Q==",
      "dev": true,
      "optional": true
    },
    "esbuild-linux-arm": {
      "version": "0.14.38",
      "resolved": "https://registry.npmmirror.com/esbuild-linux-arm/-/esbuild-linux-arm-0.14.38.tgz",
      "integrity": "sha512-FiFvQe8J3VKTDXG01JbvoVRXQ0x6UZwyrU4IaLBZeq39Bsbatd94Fuc3F1RGqPF5RbIWW7RvkVQjn79ejzysnA==",
      "dev": true,
      "optional": true
    },
    "esbuild-linux-arm64": {
      "version": "0.14.38",
      "resolved": "https://registry.npmmirror.com/esbuild-linux-arm64/-/esbuild-linux-arm64-0.14.38.tgz",
      "integrity": "sha512-HlMGZTEsBrXrivr64eZ/EO0NQM8H8DuSENRok9d+Jtvq8hOLzrxfsAT9U94K3KOGk2XgCmkaI2KD8hX7F97lvA==",
      "dev": true,
      "optional": true
    },
    "esbuild-linux-mips64le": {
      "version": "0.14.38",
      "resolved": "https://registry.npmmirror.com/esbuild-linux-mips64le/-/esbuild-linux-mips64le-0.14.38.tgz",
      "integrity": "sha512-qd1dLf2v7QBiI5wwfil9j0HG/5YMFBAmMVmdeokbNAMbcg49p25t6IlJFXAeLzogv1AvgaXRXvgFNhScYEUXGQ==",
      "dev": true,
      "optional": true
    },
    "esbuild-linux-ppc64le": {
      "version": "0.14.38",
      "resolved": "https://registry.npmmirror.com/esbuild-linux-ppc64le/-/esbuild-linux-ppc64le-0.14.38.tgz",
      "integrity": "sha512-mnbEm7o69gTl60jSuK+nn+pRsRHGtDPfzhrqEUXyCl7CTOCLtWN2bhK8bgsdp6J/2NyS/wHBjs1x8aBWwP2X9Q==",
      "dev": true,
      "optional": true
    },
    "esbuild-linux-riscv64": {
      "version": "0.14.38",
      "resolved": "https://registry.npmmirror.com/esbuild-linux-riscv64/-/esbuild-linux-riscv64-0.14.38.tgz",
      "integrity": "sha512-+p6YKYbuV72uikChRk14FSyNJZ4WfYkffj6Af0/Tw63/6TJX6TnIKE+6D3xtEc7DeDth1fjUOEqm+ApKFXbbVQ==",
      "dev": true,
      "optional": true
    },
    "esbuild-linux-s390x": {
      "version": "0.14.38",
      "resolved": "https://registry.npmmirror.com/esbuild-linux-s390x/-/esbuild-linux-s390x-0.14.38.tgz",
      "integrity": "sha512-0zUsiDkGJiMHxBQ7JDU8jbaanUY975CdOW1YDrurjrM0vWHfjv9tLQsW9GSyEb/heSK1L5gaweRjzfUVBFoybQ==",
      "dev": true,
      "optional": true
    },
    "esbuild-netbsd-64": {
      "version": "0.14.38",
      "resolved": "https://registry.npmmirror.com/esbuild-netbsd-64/-/esbuild-netbsd-64-0.14.38.tgz",
      "integrity": "sha512-cljBAApVwkpnJZfnRVThpRBGzCi+a+V9Ofb1fVkKhtrPLDYlHLrSYGtmnoTVWDQdU516qYI8+wOgcGZ4XIZh0Q==",
      "dev": true,
      "optional": true
    },
    "esbuild-openbsd-64": {
      "version": "0.14.38",
      "resolved": "https://registry.npmmirror.com/esbuild-openbsd-64/-/esbuild-openbsd-64-0.14.38.tgz",
      "integrity": "sha512-CDswYr2PWPGEPpLDUO50mL3WO/07EMjnZDNKpmaxUPsrW+kVM3LoAqr/CE8UbzugpEiflYqJsGPLirThRB18IQ==",
      "dev": true,
      "optional": true
    },
    "esbuild-sunos-64": {
      "version": "0.14.38",
      "resolved": "https://registry.npmmirror.com/esbuild-sunos-64/-/esbuild-sunos-64-0.14.38.tgz",
      "integrity": "sha512-2mfIoYW58gKcC3bck0j7lD3RZkqYA7MmujFYmSn9l6TiIcAMpuEvqksO+ntBgbLep/eyjpgdplF7b+4T9VJGOA==",
      "dev": true,
      "optional": true
    },
    "esbuild-windows-32": {
      "version": "0.14.38",
      "resolved": "https://registry.npmmirror.com/esbuild-windows-32/-/esbuild-windows-32-0.14.38.tgz",
      "integrity": "sha512-L2BmEeFZATAvU+FJzJiRLFUP+d9RHN+QXpgaOrs2klshoAm1AE6Us4X6fS9k33Uy5SzScn2TpcgecbqJza1Hjw==",
      "dev": true,
      "optional": true
    },
    "esbuild-windows-64": {
      "version": "0.14.38",
      "resolved": "https://registry.npmmirror.com/esbuild-windows-64/-/esbuild-windows-64-0.14.38.tgz",
      "integrity": "sha512-Khy4wVmebnzue8aeSXLC+6clo/hRYeNIm0DyikoEqX+3w3rcvrhzpoix0S+MF9vzh6JFskkIGD7Zx47ODJNyCw==",
      "dev": true,
      "optional": true
    },
    "esbuild-windows-arm64": {
      "version": "0.14.38",
      "resolved": "https://registry.npmmirror.com/esbuild-windows-arm64/-/esbuild-windows-arm64-0.14.38.tgz",
      "integrity": "sha512-k3FGCNmHBkqdJXuJszdWciAH77PukEyDsdIryEHn9cKLQFxzhT39dSumeTuggaQcXY57UlmLGIkklWZo2qzHpw==",
      "dev": true,
      "optional": true
    },
    "estree-walker": {
      "version": "2.0.2",
      "resolved": "https://registry.npmmirror.com/estree-walker/-/estree-walker-2.0.2.tgz",
      "integrity": "sha512-Rfkk/Mp/DL7JVje3u18FxFujQlTNR2q6QfMSMB7AvCBx91NGj/ba3kCfza0f6dVDbw7YlRf/nDrn7pQrCCyQ/w=="
    },
    "fill-range": {
      "version": "7.0.1",
      "resolved": "https://registry.npmmirror.com/fill-range/-/fill-range-7.0.1.tgz",
      "integrity": "sha512-qOo9F+dMUmC2Lcb4BbVvnKJxTPjCm+RRpe4gDuGrzkL7mEVl/djYSu2OdQ2Pa302N4oqkSg9ir6jaLWJ2USVpQ==",
      "requires": {
        "to-regex-range": "^5.0.1"
      }
    },
    "fsevents": {
      "version": "2.3.2",
      "resolved": "https://registry.npmmirror.com/fsevents/-/fsevents-2.3.2.tgz",
      "integrity": "sha512-xiqMQR4xAeHTuB9uWm+fFRcIOgKBMiOBP+eXiyT7jsgVCq1bkVygt00oASowB7EdtpOHaaPgKt812P9ab+DDKA==",
      "optional": true
    },
    "function-bind": {
      "version": "1.1.1",
      "resolved": "https://registry.npmmirror.com/function-bind/-/function-bind-1.1.1.tgz",
      "integrity": "sha512-yIovAzMX49sF8Yl58fSCWJ5svSLuaibPxXQJFLmBObTuCr0Mf1KiPopGM9NiFjiYBCbfaa2Fh6breQ6ANVTI0A==",
      "dev": true
    },
    "glob-parent": {
      "version": "5.1.2",
      "resolved": "https://registry.npmmirror.com/glob-parent/-/glob-parent-5.1.2.tgz",
      "integrity": "sha512-AOIgSQCepiJYwP3ARnGx+5VnTu2HBYdzbGP45eLw1vr3zB3vZLeyed1sC9hnbcOc9/SrMyM5RPQrkGz4aS9Zow==",
      "requires": {
        "is-glob": "^4.0.1"
      }
    },
    "has": {
      "version": "1.0.3",
      "resolved": "https://registry.npmmirror.com/has/-/has-1.0.3.tgz",
      "integrity": "sha512-f2dvO0VU6Oej7RkWJGrehjbzMAjFp5/VKPp5tTpWIV4JHHZK1/BxbFRtf/siA2SWTe09caDmVtYYzWEIbBS4zw==",
      "dev": true,
      "requires": {
        "function-bind": "^1.1.1"
      }
    },
    "immutable": {
      "version": "4.0.0",
      "resolved": "https://registry.npmmirror.com/immutable/-/immutable-4.0.0.tgz",
      "integrity": "sha512-zIE9hX70qew5qTUjSS7wi1iwj/l7+m54KWU247nhM3v806UdGj1yDndXj+IOYxxtW9zyLI+xqFNZjTuDaLUqFw=="
    },
    "is-binary-path": {
      "version": "2.1.0",
      "resolved": "https://registry.npmmirror.com/is-binary-path/-/is-binary-path-2.1.0.tgz",
      "integrity": "sha512-ZMERYes6pDydyuGidse7OsHxtbI7WVeUEozgR/g7rd0xUimYNlvZRE/K2MgZTjWy725IfelLeVcEM97mmtRGXw==",
      "requires": {
        "binary-extensions": "^2.0.0"
      }
    },
    "is-core-module": {
      "version": "2.9.0",
      "resolved": "https://registry.npmmirror.com/is-core-module/-/is-core-module-2.9.0.tgz",
      "integrity": "sha512-+5FPy5PnwmO3lvfMb0AsoPaBG+5KHUI0wYFXOtYPnVVVspTFUuMZNfNaNVRt3FZadstu2c8x23vykRW/NBoU6A==",
      "dev": true,
      "requires": {
        "has": "^1.0.3"
      }
    },
    "is-extglob": {
      "version": "2.1.1",
      "resolved": "https://registry.npmmirror.com/is-extglob/-/is-extglob-2.1.1.tgz",
      "integrity": "sha512-SbKbANkN603Vi4jEZv49LeVJMn4yGwsbzZworEoyEiutsN3nJYdbO36zfhGJ6QEDpOZIFkDtnq5JRxmvl3jsoQ=="
    },
    "is-glob": {
      "version": "4.0.3",
      "resolved": "https://registry.npmmirror.com/is-glob/-/is-glob-4.0.3.tgz",
      "integrity": "sha512-xelSayHH36ZgE7ZWhli7pW34hNbNl8Ojv5KVmkJD4hBdD3th8Tfk9vYasLM+mXWOZhFkgZfxhLSnrwRr4elSSg==",
      "requires": {
        "is-extglob": "^2.1.1"
      }
    },
    "is-number": {
      "version": "7.0.0",
      "resolved": "https://registry.npmmirror.com/is-number/-/is-number-7.0.0.tgz",
      "integrity": "sha512-41Cifkg6e8TylSpdtTpeLVMqvSBEVzTttHvERD741+pnZ8ANv0004MRL43QKPDlK9cGvNp6NZWZUBlbGXYxxng=="
    },
    "lodash-es": {
      "version": "4.17.21",
      "resolved": "https://registry.npmmirror.com/lodash-es/-/lodash-es-4.17.21.tgz",
      "integrity": "sha512-mKnC+QJ9pWVzv+C4/U3rRsHapFfHvQFoFB92e52xeyGMcX6/OlIl78je1u8vePzYZSkkogMPJ2yjxxsb89cxyw=="
    },
    "magic-string": {
      "version": "0.25.9",
      "resolved": "https://registry.npmmirror.com/magic-string/-/magic-string-0.25.9.tgz",
      "integrity": "sha512-RmF0AsMzgt25qzqqLc1+MbHmhdx0ojF2Fvs4XnOqz2ZOBXzzkEwc/dJQZCYHAn7v1jbVOjAZfK8msRn4BxO4VQ==",
      "requires": {
        "sourcemap-codec": "^1.4.8"
      }
    },
    "nanoid": {
      "version": "3.3.3",
      "resolved": "https://registry.npmmirror.com/nanoid/-/nanoid-3.3.3.tgz",
      "integrity": "sha512-p1sjXuopFs0xg+fPASzQ28agW1oHD7xDsd9Xkf3T15H3c/cifrFHVwrh74PdoklAPi+i7MdRsE47vm2r6JoB+w=="
    },
    "normalize-path": {
      "version": "3.0.0",
      "resolved": "https://registry.npmmirror.com/normalize-path/-/normalize-path-3.0.0.tgz",
      "integrity": "sha512-6eZs5Ls3WtCisHWp9S2GUy8dqkpGi4BVSz3GaqiE6ezub0512ESztXUwUB6C6IKbQkY2Pnb/mD4WYojCRwcwLA=="
    },
    "path-parse": {
      "version": "1.0.7",
      "resolved": "https://registry.npmmirror.com/path-parse/-/path-parse-1.0.7.tgz",
      "integrity": "sha512-LDJzPVEEEPR+y48z93A0Ed0yXb8pAByGWo/k5YYdYgpY2/2EsOsksJrq7lOHxryrVOn1ejG6oAp8ahvOIQD8sw==",
      "dev": true
    },
    "picocolors": {
      "version": "1.0.0",
      "resolved": "https://registry.npmmirror.com/picocolors/-/picocolors-1.0.0.tgz",
      "integrity": "sha512-1fygroTLlHu66zi26VoTDv8yRgm0Fccecssto+MhsZ0D/DGW2sm8E8AjW7NU5VVTRt5GxbeZ5qBuJr+HyLYkjQ=="
    },
    "picomatch": {
      "version": "2.3.1",
      "resolved": "https://registry.npmmirror.com/picomatch/-/picomatch-2.3.1.tgz",
      "integrity": "sha512-JU3teHTNjmE2VCGFzuY8EXzCDVwEqB2a8fsIvwaStHhAWJEeVd1o1QD80CU6+ZdEXXSLbSsuLwJjkCBWqRQUVA=="
    },
    "pinyin-pro": {
      "version": "3.8.3",
      "resolved": "https://registry.npmmirror.com/pinyin-pro/-/pinyin-pro-3.8.3.tgz",
      "integrity": "sha512-hH7EyQNhs9lx5KKKiJz1iIU19YxE2X1jB5qko3yHSCy439HRFI+0qonrRk8zccLdDg0R7utnrzurd6yqKDlhSg=="
    },
    "postcss": {
      "version": "8.4.12",
      "resolved": "https://registry.npmmirror.com/postcss/-/postcss-8.4.12.tgz",
      "integrity": "sha512-lg6eITwYe9v6Hr5CncVbK70SoioNQIq81nsaG86ev5hAidQvmOeETBqs7jm43K2F5/Ley3ytDtriImV6TpNiSg==",
      "requires": {
        "nanoid": "^3.3.1",
        "picocolors": "^1.0.0",
        "source-map-js": "^1.0.2"
      }
    },
    "readdirp": {
      "version": "3.6.0",
      "resolved": "https://registry.npmmirror.com/readdirp/-/readdirp-3.6.0.tgz",
      "integrity": "sha512-hOS089on8RduqdbhvQ5Z37A0ESjsqz6qnRcffsMU3495FuTdqSm+7bhJ29JvIOsBDEEnan5DPu9t3To9VRlMzA==",
      "requires": {
        "picomatch": "^2.2.1"
      }
    },
    "resolve": {
      "version": "1.22.0",
      "resolved": "https://registry.npmmirror.com/resolve/-/resolve-1.22.0.tgz",
      "integrity": "sha512-Hhtrw0nLeSrFQ7phPp4OOcVjLPIeMnRlr5mcnVuMe7M/7eBn98A3hmFRLoFo3DLZkivSYwhRUJTyPyWAk56WLw==",
      "dev": true,
      "requires": {
        "is-core-module": "^2.8.1",
        "path-parse": "^1.0.7",
        "supports-preserve-symlinks-flag": "^1.0.0"
      }
    },
    "rollup": {
      "version": "2.70.2",
      "resolved": "https://registry.npmmirror.com/rollup/-/rollup-2.70.2.tgz",
      "integrity": "sha512-EitogNZnfku65I1DD5Mxe8JYRUCy0hkK5X84IlDtUs+O6JRMpRciXTzyCUuX11b5L5pvjH+OmFXiQ3XjabcXgg==",
      "dev": true,
      "requires": {
        "fsevents": "~2.3.2"
      }
    },
    "sass": {
      "version": "1.51.0",
      "resolved": "https://registry.npmmirror.com/sass/-/sass-1.51.0.tgz",
      "integrity": "sha512-haGdpTgywJTvHC2b91GSq+clTKGbtkkZmVAb82jZQN/wTy6qs8DdFm2lhEQbEwrY0QDRgSQ3xDurqM977C3noA==",
      "requires": {
        "chokidar": ">=3.0.0 <4.0.0",
        "immutable": "^4.0.0",
        "source-map-js": ">=0.6.2 <2.0.0"
      }
    },
    "source-map": {
      "version": "0.6.1",
      "resolved": "https://registry.npmmirror.com/source-map/-/source-map-0.6.1.tgz",
      "integrity": "sha512-UjgapumWlbMhkBgzT7Ykc5YXUT46F0iKu8SGXq0bcwP5dz/h0Plj6enJqjz1Zbq2l5WaqYnrVbwWOWMyF3F47g=="
    },
    "source-map-js": {
      "version": "1.0.2",
      "resolved": "https://registry.npmmirror.com/source-map-js/-/source-map-js-1.0.2.tgz",
      "integrity": "sha512-R0XvVJ9WusLiqTCEiGCmICCMplcCkIwwR11mOSD9CR5u+IXYdiseeEuXCVAjS54zqwkLcPNnmU4OeJ6tUrWhDw=="
    },
    "sourcemap-codec": {
      "version": "1.4.8",
      "resolved": "https://registry.npmmirror.com/sourcemap-codec/-/sourcemap-codec-1.4.8.tgz",
      "integrity": "sha512-9NykojV5Uih4lgo5So5dtw+f0JgJX30KCNI8gwhz2J9A15wD0Ml6tjHKwf6fTSa6fAdVBdZeNOs9eJ71qCk8vA=="
    },
    "supports-preserve-symlinks-flag": {
      "version": "1.0.0",
      "resolved": "https://registry.npmmirror.com/supports-preserve-symlinks-flag/-/supports-preserve-symlinks-flag-1.0.0.tgz",
      "integrity": "sha512-ot0WnXS9fgdkgIcePe6RHNk1WA8+muPa6cSjeR3V8K27q9BB1rTE3R1p7Hv0z1ZyAc8s6Vvv8DIyWf681MAt0w==",
      "dev": true
    },
    "three": {
      "version": "0.139.2",
      "resolved": "https://registry.npmmirror.com/three/-/three-0.139.2.tgz",
      "integrity": "sha512-gV7q7QY8rogu7HLFZR9cWnOQAUedUhu2WXAnpr2kdXZP9YDKsG/0ychwQvWkZN5PlNw9mv5MoCTin6zNTXoONg=="
    },
    "three-outlinepass": {
      "version": "1.2.0",
      "resolved": "https://registry.npmmirror.com/three-outlinepass/-/three-outlinepass-1.2.0.tgz",
      "integrity": "sha512-xCEmmf4IZsixXi5Hl14qULk2D9CMEbPg6ZjGBWr5oAk+6K3ZILBNRKXEEcOcdPvZgRtHz/fw1MUFgxbwPAnVQA=="
    },
    "to-regex-range": {
      "version": "5.0.1",
      "resolved": "https://registry.npmmirror.com/to-regex-range/-/to-regex-range-5.0.1.tgz",
      "integrity": "sha512-65P7iz6X5yEr1cwcgvQxbbIw7Uk3gOy5dIdtZ4rDveLqhrdJP+Li/Hx6tyK0NEb+2GCyneCMJiGqrADCSNk8sQ==",
      "requires": {
        "is-number": "^7.0.0"
      }
    },
    "tslib": {
      "version": "2.3.0",
      "resolved": "https://registry.npmmirror.com/tslib/-/tslib-2.3.0.tgz",
      "integrity": "sha512-N82ooyxVNm6h1riLCoyS9e3fuJ3AMG2zIZs2Gd1ATcSFjSA23Q0fzjjZeh0jbJvWVDZ0cJT8yaNNaaXHzueNjg=="
    },
    "typescript": {
      "version": "4.6.3",
      "resolved": "https://registry.npmmirror.com/typescript/-/typescript-4.6.3.tgz",
      "integrity": "sha512-yNIatDa5iaofVozS/uQJEl3JRWLKKGJKh6Yaiv0GLGSuhpFJe7P3SbHZ8/yjAHRQwKRoA6YZqlfjXWmVzoVSMw==",
      "dev": true
    },
    "vite": {
      "version": "2.9.5",
      "resolved": "https://registry.npmmirror.com/vite/-/vite-2.9.5.tgz",
      "integrity": "sha512-dvMN64X2YEQgSXF1lYabKXw3BbN6e+BL67+P3Vy4MacnY+UzT1AfkHiioFSi9+uiDUiaDy7Ax/LQqivk6orilg==",
      "dev": true,
      "requires": {
        "esbuild": "^0.14.27",
        "fsevents": "~2.3.2",
        "postcss": "^8.4.12",
        "resolve": "^1.22.0",
        "rollup": "^2.59.0"
      }
    },
    "vue": {
      "version": "3.2.33",
      "resolved": "https://registry.npmmirror.com/vue/-/vue-3.2.33.tgz",
      "integrity": "sha512-si1ExAlDUrLSIg/V7D/GgA4twJwfsfgG+t9w10z38HhL/HA07132pUQ2KuwAo8qbCyMJ9e6OqrmWrOCr+jW7ZQ==",
      "requires": {
        "@vue/compiler-dom": "3.2.33",
        "@vue/compiler-sfc": "3.2.33",
        "@vue/runtime-dom": "3.2.33",
        "@vue/server-renderer": "3.2.33",
        "@vue/shared": "3.2.33"
      }
    },
    "vue-tsc": {
      "version": "0.34.10",
      "resolved": "https://registry.npmmirror.com/vue-tsc/-/vue-tsc-0.34.10.tgz",
      "integrity": "sha512-rWU4SjDqk9ylQN2hbnyP+rEu8W2a712DWUmciX6rDnId1m8sN/cuypTKjWjHHjaBLWNKULoEakRTOvrQ4ainhw==",
      "dev": true,
      "requires": {
        "@volar/vue-typescript": "0.34.10"
      }
    },
    "ws": {
      "version": "8.5.0",
      "resolved": "https://registry.npmmirror.com/ws/-/ws-8.5.0.tgz",
      "integrity": "sha512-BWX0SWVgLPzYwF8lTzEy1egjhS4S4OEAHfsO8o65WOVsrnSRGaSiUaa9e0ggGlkMTtBlmOpEXiie9RUcBO86qg=="
    },
    "zrender": {
      "version": "5.3.1",
      "resolved": "https://registry.npmmirror.com/zrender/-/zrender-5.3.1.tgz",
      "integrity": "sha512-7olqIjy0gWfznKr6vgfnGBk7y4UtdMvdwFmK92vVQsQeDPyzkHW1OlrLEKg6GHz1W5ePf0FeN1q2vkl/HFqhXw==",
      "requires": {
        "tslib": "2.3.0"
      }
    }
  }
}
